
Microsoft Visual Studio Solution File, Format Version 12.00
# Visual Studio 2015
Project("{FAE04EC0-301F-11D3-BF4B-00C04F79EFBC}") = "wsoft-gamejam-f16.CSharp", "wsoft-gamejam-f16.CSharp.csproj", "{9E0F0C6B-FD27-8262-392B-1E0A0272D6A7}"
EndProject
Global
	GlobalSection(SolutionConfigurationPlatforms) = preSolution
		Debug|Any CPU = Debug|Any CPU
		Release|Any CPU = Release|Any CPU
	EndGlobalSection
	GlobalSection(ProjectConfigurationPlatforms) = postSolution
		{9E0F0C6B-FD27-8262-392B-1E0A0272D6A7}.Debug|Any CPU.ActiveCfg = Debug|Any CPU
		{9E0F0C6B-FD27-8262-392B-1E0A0272D6A7}.Debug|Any CPU.Build.0 = Debug|Any CPU
		{9E0F0C6B-FD27-8262-392B-1E0A0272D6A7}.Release|Any CPU.ActiveCfg = Release|Any CPU
		{9E0F0C6B-FD27-8262-392B-1E0A0272D6A7}.Release|Any CPU.Build.0 = Release|Any CPU
	EndGlobalSection
	GlobalSection(SolutionProperties) = preSolution
		HideSolutionNode = FALSE
	EndGlobalSection
EndGlobal
